
Microsoft Visual Studio Solution File, Format Version 12.00
# Visual Studio Version 16
VisualStudioVersion = 16.0.29609.76
MinimumVisualStudioVersion = 10.0.40219.1
Project("{2150E333-8FDC-42A3-9474-1A3956D46DE8}") = "API", "API", "{5D2086B7-D551-43EC-819B-01954404B555}"
EndProject
Project("{2150E333-8FDC-42A3-9474-1A3956D46DE8}") = "Domain", "Domain", "{5736D908-C890-4B93-B9CA-EF2B12B0DB4A}"
EndProject
Project("{2150E333-8FDC-42A3-9474-1A3956D46DE8}") = "Infra", "Infra", "{5BBE5971-EA6E-436D-9D75-8F8A43E517A3}"
EndProject
Project("{2150E333-8FDC-42A3-9474-1A3956D46DE8}") = "Service", "Service", "{EA752BE8-13D7-47E2-AF86-3B154D27F4E0}"
EndProject
Project("{9A19103F-16F7-4668-BE54-9A1E7A4F7556}") = "Webmotors.Domain", "Webmotors.Domain\Webmotors.Domain.csproj", "{65FC4F67-6895-4B20-8500-2543305AC68E}"
EndProject
Project("{9A19103F-16F7-4668-BE54-9A1E7A4F7556}") = "Webmotors.Shared", "Webmotors.Shared\Webmotors.Shared.csproj", "{B8766F82-2908-430B-9E22-4556ACCF3FBF}"
EndProject
Project("{9A19103F-16F7-4668-BE54-9A1E7A4F7556}") = "Webmotors.Service", "Webmotors.Service\Webmotors.Service.csproj", "{F2A2B1A7-E659-41E6-93FB-4E8C53A99635}"
EndProject
Project("{9A19103F-16F7-4668-BE54-9A1E7A4F7556}") = "Webmotors.Infra", "Webmotors.Infra\Webmotors.Infra.csproj", "{9E0E48C0-B37E-418E-8E50-F5B1A33BE4F8}"
EndProject
Project("{9A19103F-16F7-4668-BE54-9A1E7A4F7556}") = "Webmotors.API", "Webmotors.API\Webmotors.API.csproj", "{16E53C46-E9C5-490B-9C40-A123AE766DB2}"
EndProject
Project("{2150E333-8FDC-42A3-9474-1A3956D46DE8}") = "Test", "Test", "{7620FC03-0BB0-4585-93B1-EA8C4B6F730C}"
EndProject
Project("{FAE04EC0-301F-11D3-BF4B-00C04F79EFBC}") = "Webmotors.Test", "Webmotors.Test\Webmotors.Test.csproj", "{A0E59E96-0713-4C60-9AAA-EFD6AE62BE1F}"
EndProject
Global
	GlobalSection(SolutionConfigurationPlatforms) = preSolution
		Debug|Any CPU = Debug|Any CPU
		Release|Any CPU = Release|Any CPU
	EndGlobalSection
	GlobalSection(ProjectConfigurationPlatforms) = postSolution
		{65FC4F67-6895-4B20-8500-2543305AC68E}.Debug|Any CPU.ActiveCfg = Debug|Any CPU
		{65FC4F67-6895-4B20-8500-2543305AC68E}.Debug|Any CPU.Build.0 = Debug|Any CPU
		{65FC4F67-6895-4B20-8500-2543305AC68E}.Release|Any CPU.ActiveCfg = Release|Any CPU
		{65FC4F67-6895-4B20-8500-2543305AC68E}.Release|Any CPU.Build.0 = Release|Any CPU
		{B8766F82-2908-430B-9E22-4556ACCF3FBF}.Debug|Any CPU.ActiveCfg = Debug|Any CPU
		{B8766F82-2908-430B-9E22-4556ACCF3FBF}.Debug|Any CPU.Build.0 = Debug|Any CPU
		{B8766F82-2908-430B-9E22-4556ACCF3FBF}.Release|Any CPU.ActiveCfg = Release|Any CPU
		{B8766F82-2908-430B-9E22-4556ACCF3FBF}.Release|Any CPU.Build.0 = Release|Any CPU
		{F2A2B1A7-E659-41E6-93FB-4E8C53A99635}.Debug|Any CPU.ActiveCfg = Debug|Any CPU
		{F2A2B1A7-E659-41E6-93FB-4E8C53A99635}.Debug|Any CPU.Build.0 = Debug|Any CPU
		{F2A2B1A7-E659-41E6-93FB-4E8C53A99635}.Release|Any CPU.ActiveCfg = Release|Any CPU
		{F2A2B1A7-E659-41E6-93FB-4E8C53A99635}.Release|Any CPU.Build.0 = Release|Any CPU
		{9E0E48C0-B37E-418E-8E50-F5B1A33BE4F8}.Debug|Any CPU.ActiveCfg = Debug|Any CPU
		{9E0E48C0-B37E-418E-8E50-F5B1A33BE4F8}.Debug|Any CPU.Build.0 = Debug|Any CPU
		{9E0E48C0-B37E-418E-8E50-F5B1A33BE4F8}.Release|Any CPU.ActiveCfg = Release|Any CPU
		{9E0E48C0-B37E-418E-8E50-F5B1A33BE4F8}.Release|Any CPU.Build.0 = Release|Any CPU
		{16E53C46-E9C5-490B-9C40-A123AE766DB2}.Debug|Any CPU.ActiveCfg = Debug|Any CPU
		{16E53C46-E9C5-490B-9C40-A123AE766DB2}.Debug|Any CPU.Build.0 = Debug|Any CPU
		{16E53C46-E9C5-490B-9C40-A123AE766DB2}.Release|Any CPU.ActiveCfg = Release|Any CPU
		{16E53C46-E9C5-490B-9C40-A123AE766DB2}.Release|Any CPU.Build.0 = Release|Any CPU
		{A0E59E96-0713-4C60-9AAA-EFD6AE62BE1F}.Debug|Any CPU.ActiveCfg = Debug|Any CPU
		{A0E59E96-0713-4C60-9AAA-EFD6AE62BE1F}.Debug|Any CPU.Build.0 = Debug|Any CPU
		{A0E59E96-0713-4C60-9AAA-EFD6AE62BE1F}.Release|Any CPU.ActiveCfg = Release|Any CPU
		{A0E59E96-0713-4C60-9AAA-EFD6AE62BE1F}.Release|Any CPU.Build.0 = Release|Any CPU
	EndGlobalSection
	GlobalSection(SolutionProperties) = preSolution
		HideSolutionNode = FALSE
	EndGlobalSection
	GlobalSection(NestedProjects) = preSolution
		{65FC4F67-6895-4B20-8500-2543305AC68E} = {5736D908-C890-4B93-B9CA-EF2B12B0DB4A}
		{B8766F82-2908-430B-9E22-4556ACCF3FBF} = {5736D908-C890-4B93-B9CA-EF2B12B0DB4A}
		{F2A2B1A7-E659-41E6-93FB-4E8C53A99635} = {EA752BE8-13D7-47E2-AF86-3B154D27F4E0}
		{9E0E48C0-B37E-418E-8E50-F5B1A33BE4F8} = {5BBE5971-EA6E-436D-9D75-8F8A43E517A3}
		{16E53C46-E9C5-490B-9C40-A123AE766DB2} = {5D2086B7-D551-43EC-819B-01954404B555}
		{A0E59E96-0713-4C60-9AAA-EFD6AE62BE1F} = {7620FC03-0BB0-4585-93B1-EA8C4B6F730C}
	EndGlobalSection
	GlobalSection(ExtensibilityGlobals) = postSolution
		SolutionGuid = {D0FDEA89-F417-4F4E-A29E-90AE1939FF21}
	EndGlobalSection
EndGlobal
